Microsoft Visual Studio Solution File, Format Version 12.00
# Visual Studio 2012
Project("{FAE04EC0-301F-11D3-BF4B-00C04F79EFBC}") = "Pipeline", "Pipeline.csproj", "{F6633BC0-BEAA-45A2-A2CB-333A04BE1610}"
EndProject
Global
	GlobalSection(SolutionConfigurationPlatforms) = preSolution
	Debug|Any CPU = Debug|Any CPU
	ExportDebug|Any CPU = ExportDebug|Any CPU
	ExportRelease|Any CPU = ExportRelease|Any CPU
	EndGlobalSection
	GlobalSection(ProjectConfigurationPlatforms) = postSolution
		{F6633BC0-BEAA-45A2-A2CB-333A04BE1610}.Debug|Any CPU.ActiveCfg = Debug|Any CPU
		{F6633BC0-BEAA-45A2-A2CB-333A04BE1610}.Debug|Any CPU.Build.0 = Debug|Any CPU
		{F6633BC0-BEAA-45A2-A2CB-333A04BE1610}.ExportDebug|Any CPU.ActiveCfg = ExportDebug|Any CPU
		{F6633BC0-BEAA-45A2-A2CB-333A04BE1610}.ExportDebug|Any CPU.Build.0 = ExportDebug|Any CPU
		{F6633BC0-BEAA-45A2-A2CB-333A04BE1610}.ExportRelease|Any CPU.ActiveCfg = ExportRelease|Any CPU
		{F6633BC0-BEAA-45A2-A2CB-333A04BE1610}.ExportRelease|Any CPU.Build.0 = ExportRelease|Any CPU
	EndGlobalSection
EndGlobal
